{
  "name": "UI",
  "version": "1.0.0",
  "lockfileVersion": 3,
  "requires": true,
  "packages": {
    "": {
      "name": "UI",
      "version": "1.0.0",
      "dependencies": {
        "node": "^21.0.0"
      }
    },
    "node_modules/node": {
      "version": "21.0.0",
      "resolved": "https://registry.npmmirror.com/node/-/node-21.0.0.tgz",
      "integrity": "sha512-k0wCk1CXe+Bp6sDniB6x52IKMaP849Ei01zA0U88/iOGLrX8jnkyfCThlRqNrHT8hL0mG/OAU+8Z87N9atVRQQ==",
      "hasInstallScript": true,
      "dependencies": {
        "node-bin-setup": "^1.0.0"
      },
      "bin": {
        "node": "bin/node"
      },
      "engines": {
        "npm": ">=5.0.0"
      }
    },
    "node_modules/node-bin-setup": {
      "version": "1.1.3",
      "resolved": "https://registry.npmmirror.com/node-bin-setup/-/node-bin-setup-1.1.3.tgz",
      "integrity": "sha512-opgw9iSCAzT2+6wJOETCpeRYAQxSopqQ2z+N6BXwIMsQQ7Zj5M8MaafQY8JMlolRR6R1UXg2WmhKp0p9lSOivg=="
    }
  }
}
